
Microsoft Visual Studio Solution File, Format Version 12.00
Project("{2150E333-8FDC-42A3-9474-1A3956D46DE8}") = "Source", "Source", "{73FA0A49-9969-423D-B357-AD31CD3488D5}"
EndProject
Project("{2150E333-8FDC-42A3-9474-1A3956D46DE8}") = ".github", ".github", "{50757F18-80B2-4DD1-A340-E9D3CA6DCCE9}"
EndProject
Project("{FAE04EC0-301F-11D3-BF4B-00C04F79EFBC}") = "Setup", ".github\Setup.csproj", "{1C4C2249-AD29-4C8E-86BC-0A53525FEABF}"
EndProject
Project("{2150E333-8FDC-42A3-9474-1A3956D46DE8}") = "files", "files", "{9FB3162F-49FD-4B65-8CFE-4D10D444969C}"
	ProjectSection(SolutionItems) = preProject
		global.json = global.json
		.gitignore = .gitignore
	EndProjectSection
EndProject
Global
	GlobalSection(SolutionConfigurationPlatforms) = preSolution
		Debug|Any CPU = Debug|Any CPU
		Release|Any CPU = Release|Any CPU
	EndGlobalSection
	GlobalSection(NestedProjects) = preSolution
		{1C4C2249-AD29-4C8E-86BC-0A53525FEABF} = {50757F18-80B2-4DD1-A340-E9D3CA6DCCE9}
	EndGlobalSection
	GlobalSection(ProjectConfigurationPlatforms) = postSolution
		{1C4C2249-AD29-4C8E-86BC-0A53525FEABF}.Debug|Any CPU.ActiveCfg = Debug|Any CPU
		{1C4C2249-AD29-4C8E-86BC-0A53525FEABF}.Debug|Any CPU.Build.0 = Debug|Any CPU
		{1C4C2249-AD29-4C8E-86BC-0A53525FEABF}.Release|Any CPU.ActiveCfg = Release|Any CPU
		{1C4C2249-AD29-4C8E-86BC-0A53525FEABF}.Release|Any CPU.Build.0 = Release|Any CPU
	EndGlobalSection
EndGlobal
